
Microsoft Visual Studio Solution File, Format Version 12.00
# Visual Studio Version 17
VisualStudioVersion = 17.7.34031.279
MinimumVisualStudioVersion = 10.0.40219.1
Project("{FAE04EC0-301F-11D3-BF4B-00C04F79EFBC}") = "APIs", "APIs\APIs.csproj", "{219BF820-4CBE-4FA7-ACFC-A7BF4CDD2AC6}"
EndProject
Project("{FAE04EC0-301F-11D3-BF4B-00C04F79EFBC}") = "BLL", "BLL\BLL.csproj", "{4B50DB11-D60C-495A-82E3-3BD5EF2D288F}"
EndProject
Project("{FAE04EC0-301F-11D3-BF4B-00C04F79EFBC}") = "DAL", "DAL\DAL.csproj", "{8BF98BDC-FDF9-428E-9EF0-E01ACE4DD11B}"
EndProject
Project("{54A90642-561A-4BB1-A94E-469ADEE60C69}") = "ui", "UI\ui.esproj", "{CC8E75B0-A5CC-4786-BD00-E241652C41D7}"
EndProject
Project("{FAE04EC0-301F-11D3-BF4B-00C04F79EFBC}") = "BO", "BO\BO.csproj", "{80BDAC52-1B16-4280-A9E0-FE068212C04A}"
EndProject
Global
	GlobalSection(SolutionConfigurationPlatforms) = preSolution
		Debug|Any CPU = Debug|Any CPU
		Release|Any CPU = Release|Any CPU
	EndGlobalSection
	GlobalSection(ProjectConfigurationPlatforms) = postSolution
		{219BF820-4CBE-4FA7-ACFC-A7BF4CDD2AC6}.Debug|Any CPU.ActiveCfg = Debug|Any CPU
		{219BF820-4CBE-4FA7-ACFC-A7BF4CDD2AC6}.Debug|Any CPU.Build.0 = Debug|Any CPU
		{219BF820-4CBE-4FA7-ACFC-A7BF4CDD2AC6}.Release|Any CPU.ActiveCfg = Release|Any CPU
		{219BF820-4CBE-4FA7-ACFC-A7BF4CDD2AC6}.Release|Any CPU.Build.0 = Release|Any CPU
		{4B50DB11-D60C-495A-82E3-3BD5EF2D288F}.Debug|Any CPU.ActiveCfg = Debug|Any CPU
		{4B50DB11-D60C-495A-82E3-3BD5EF2D288F}.Debug|Any CPU.Build.0 = Debug|Any CPU
		{4B50DB11-D60C-495A-82E3-3BD5EF2D288F}.Release|Any CPU.ActiveCfg = Release|Any CPU
		{4B50DB11-D60C-495A-82E3-3BD5EF2D288F}.Release|Any CPU.Build.0 = Release|Any CPU
		{8BF98BDC-FDF9-428E-9EF0-E01ACE4DD11B}.Debug|Any CPU.ActiveCfg = Debug|Any CPU
		{8BF98BDC-FDF9-428E-9EF0-E01ACE4DD11B}.Debug|Any CPU.Build.0 = Debug|Any CPU
		{8BF98BDC-FDF9-428E-9EF0-E01ACE4DD11B}.Release|Any CPU.ActiveCfg = Release|Any CPU
		{8BF98BDC-FDF9-428E-9EF0-E01ACE4DD11B}.Release|Any CPU.Build.0 = Release|Any CPU
		{CC8E75B0-A5CC-4786-BD00-E241652C41D7}.Debug|Any CPU.ActiveCfg = Debug|Any CPU
		{CC8E75B0-A5CC-4786-BD00-E241652C41D7}.Debug|Any CPU.Build.0 = Debug|Any CPU
		{CC8E75B0-A5CC-4786-BD00-E241652C41D7}.Debug|Any CPU.Deploy.0 = Debug|Any CPU
		{CC8E75B0-A5CC-4786-BD00-E241652C41D7}.Release|Any CPU.ActiveCfg = Release|Any CPU
		{CC8E75B0-A5CC-4786-BD00-E241652C41D7}.Release|Any CPU.Build.0 = Release|Any CPU
		{CC8E75B0-A5CC-4786-BD00-E241652C41D7}.Release|Any CPU.Deploy.0 = Release|Any CPU
		{80BDAC52-1B16-4280-A9E0-FE068212C04A}.Debug|Any CPU.ActiveCfg = Debug|Any CPU
		{80BDAC52-1B16-4280-A9E0-FE068212C04A}.Debug|Any CPU.Build.0 = Debug|Any CPU
		{80BDAC52-1B16-4280-A9E0-FE068212C04A}.Release|Any CPU.ActiveCfg = Release|Any CPU
		{80BDAC52-1B16-4280-A9E0-FE068212C04A}.Release|Any CPU.Build.0 = Release|Any CPU
	EndGlobalSection
	GlobalSection(SolutionProperties) = preSolution
		HideSolutionNode = FALSE
	EndGlobalSection
	GlobalSection(ExtensibilityGlobals) = postSolution
		SolutionGuid = {432626F6-2E34-40FD-8B4D-8F27D46AA69F}
	EndGlobalSection
EndGlobal
